GEM
  remote: https://rubygems.org/
  specs:
    prettier_print (1.2.1)
    syntax_tree (6.3.0)
      prettier_print (>= 1.2.0)

PLATFORMS
  ruby
  x86_64-linux

DEPENDENCIES
  syntax_tree (~> 6.3)

CHECKSUMS
  prettier_print (1.2.1) sha256=a72838b5f23facff21f90a5423cdcdda19e4271092b41f4ea7f50b83929e6ff9
  syntax_tree (6.3.0) sha256=56e25a9692c798ec94c5442fe94c5e94af76bef91edc8bb02052cbdecf35f13d

BUNDLED WITH
  4.0.3
