[[tools.bat]]
version = "0.26.1"
backend = "aqua:sharkdp/bat"
"platforms.linux-arm64" = { checksum = "sha256:6369242c584065f195fb20cb36fbd7cb63ae690605bbe89868a7596b596c2c23", url = "https://github.com/sharkdp/bat/releases/download/v0.26.1/bat-v0.26.1-aarch64-unknown-linux-musl.tar.gz"}
"platforms.linux-arm64-musl" = { checksum = "sha256:6369242c584065f195fb20cb36fbd7cb63ae690605bbe89868a7596b596c2c23", url = "https://github.com/sharkdp/bat/releases/download/v0.26.1/bat-v0.26.1-aarch64-unknown-linux-musl.tar.gz"}
"platforms.linux-x64" = { checksum = "sha256:0dcd8ac79732c0d5b136f11f4ee00e581440e16a44eab5b3105b611bbf2cf191", url = "https://github.com/sharkdp/bat/releases/download/v0.26.1/bat-v0.26.1-x86_64-unknown-linux-musl.tar.gz"}
"platforms.linux-x64-baseline" = { checksum = "sha256:0dcd8ac79732c0d5b136f11f4ee00e581440e16a44eab5b3105b611bbf2cf191", url = "https://github.com/sharkdp/bat/releases/download/v0.26.1/bat-v0.26.1-x86_64-unknown-linux-musl.tar.gz"}
"platforms.linux-x64-musl" = { checksum = "sha256:0dcd8ac79732c0d5b136f11f4ee00e581440e16a44eab5b3105b611bbf2cf191", url = "https://github.com/sharkdp/bat/releases/download/v0.26.1/bat-v0.26.1-x86_64-unknown-linux-musl.tar.gz"}
"platforms.linux-x64-musl-baseline" = { checksum = "sha256:0dcd8ac79732c0d5b136f11f4ee00e581440e16a44eab5b3105b611bbf2cf191", url = "https://github.com/sharkdp/bat/releases/download/v0.26.1/bat-v0.26.1-x86_64-unknown-linux-musl.tar.gz"}
"platforms.macos-arm64" = { checksum = "sha256:e30beff26779c9bf60bb541e1d79046250cb74378f2757f8eb250afddb19e114", url = "https://github.com/sharkdp/bat/releases/download/v0.26.1/bat-v0.26.1-aarch64-apple-darwin.tar.gz"}
"platforms.macos-x64" = { checksum = "sha256:830d63b0bba1fa040542ec569e3cf77f60d3356b9de75116a344b061e0894245", url = "https://github.com/sharkdp/bat/releases/download/v0.26.1/bat-v0.26.1-x86_64-apple-darwin.tar.gz"}
"platforms.macos-x64-baseline" = { checksum = "sha256:830d63b0bba1fa040542ec569e3cf77f60d3356b9de75116a344b061e0894245", url = "https://github.com/sharkdp/bat/releases/download/v0.26.1/bat-v0.26.1-x86_64-apple-darwin.tar.gz"}
"platforms.windows-x64" = { checksum = "sha256:0f729b4b6f5f28d395c641eacc2e9ff68d0096b85aa0eec344aa62425144b69b", url = "https://github.com/sharkdp/bat/releases/download/v0.26.1/bat-v0.26.1-x86_64-pc-windows-msvc.zip"}
"platforms.windows-x64-baseline" = { checksum = "sha256:0f729b4b6f5f28d395c641eacc2e9ff68d0096b85aa0eec344aa62425144b69b", url = "https://github.com/sharkdp/bat/releases/download/v0.26.1/bat-v0.26.1-x86_64-pc-windows-msvc.zip"}

[[tools.bun]]
version = "1.3.6"
backend = "core:bun"
"platforms.linux-x64" = { checksum = "blake3:dddfffe2a80a43b4a71b1a72dcf48f2b1be308e43e2047b18839412f11adcb9e"}

[[tools.cargo-binstall]]
version = "1.16.6"
backend = "aqua:cargo-bins/cargo-binstall"
"platforms.linux-arm64" = { checksum = "sha256:b556421835ba67fa98ca1570c85b5511457956b7836ce938b47d3f73899517a3", url = "https://github.com/cargo-bins/cargo-binstall/releases/download/v1.16.6/cargo-binstall-aarch64-unknown-linux-musl.tgz"}
"platforms.linux-arm64-musl" = { checksum = "sha256:b556421835ba67fa98ca1570c85b5511457956b7836ce938b47d3f73899517a3", url = "https://github.com/cargo-bins/cargo-binstall/releases/download/v1.16.6/cargo-binstall-aarch64-unknown-linux-musl.tgz"}
"platforms.linux-x64" = { checksum = "sha256:3225eea8041c30d7462761a481883e3aa8fe31c58def4b6c8dd91b7c80973df0", url = "https://github.com/cargo-bins/cargo-binstall/releases/download/v1.16.6/cargo-binstall-x86_64-unknown-linux-musl.tgz"}
"platforms.linux-x64-baseline" = { checksum = "sha256:3225eea8041c30d7462761a481883e3aa8fe31c58def4b6c8dd91b7c80973df0", url = "https://github.com/cargo-bins/cargo-binstall/releases/download/v1.16.6/cargo-binstall-x86_64-unknown-linux-musl.tgz"}
"platforms.linux-x64-musl" = { checksum = "sha256:3225eea8041c30d7462761a481883e3aa8fe31c58def4b6c8dd91b7c80973df0", url = "https://github.com/cargo-bins/cargo-binstall/releases/download/v1.16.6/cargo-binstall-x86_64-unknown-linux-musl.tgz"}
"platforms.linux-x64-musl-baseline" = { checksum = "sha256:3225eea8041c30d7462761a481883e3aa8fe31c58def4b6c8dd91b7c80973df0", url = "https://github.com/cargo-bins/cargo-binstall/releases/download/v1.16.6/cargo-binstall-x86_64-unknown-linux-musl.tgz"}
"platforms.macos-arm64" = { checksum = "sha256:30543b378b96fbddabee1edfaccde7914dd2f851f02c560de859f81a21ab665b", url = "https://github.com/cargo-bins/cargo-binstall/releases/download/v1.16.6/cargo-binstall-aarch64-apple-darwin.zip"}
"platforms.macos-x64" = { checksum = "sha256:633dc2f381f7000d8ba3c02eb24b2f290bf0154372bafe8d8094d777f129f21d", url = "https://github.com/cargo-bins/cargo-binstall/releases/download/v1.16.6/cargo-binstall-x86_64-apple-darwin.zip"}
"platforms.macos-x64-baseline" = { checksum = "sha256:633dc2f381f7000d8ba3c02eb24b2f290bf0154372bafe8d8094d777f129f21d", url = "https://github.com/cargo-bins/cargo-binstall/releases/download/v1.16.6/cargo-binstall-x86_64-apple-darwin.zip"}
"platforms.windows-x64" = { checksum = "sha256:fca962c3d12ae6192280111074db073c15abad3ba162a1a5a2af0f6f01872114", url = "https://github.com/cargo-bins/cargo-binstall/releases/download/v1.16.6/cargo-binstall-x86_64-pc-windows-msvc.zip"}
"platforms.windows-x64-baseline" = { checksum = "sha256:fca962c3d12ae6192280111074db073c15abad3ba162a1a5a2af0f6f01872114", url = "https://github.com/cargo-bins/cargo-binstall/releases/download/v1.16.6/cargo-binstall-x86_64-pc-windows-msvc.zip"}

[[tools."cargo:nushell/nufmt"]]
version = "HEAD"
backend = "cargo:nushell/nufmt"

[[tools.delta]]
version = "0.18.2"
backend = "aqua:dandavison/delta"
"platforms.linux-arm64" = { url = "https://github.com/dandavison/delta/releases/download/0.18.2/delta-0.18.2-aarch64-unknown-linux-gnu.tar.gz"}
"platforms.linux-arm64-musl" = { url = "https://github.com/dandavison/delta/releases/download/0.18.2/delta-0.18.2-aarch64-unknown-linux-gnu.tar.gz"}
"platforms.linux-x64" = { url = "https://github.com/dandavison/delta/releases/download/0.18.2/delta-0.18.2-x86_64-unknown-linux-musl.tar.gz"}
"platforms.linux-x64-baseline" = { url = "https://github.com/dandavison/delta/releases/download/0.18.2/delta-0.18.2-x86_64-unknown-linux-musl.tar.gz"}
"platforms.linux-x64-musl" = { url = "https://github.com/dandavison/delta/releases/download/0.18.2/delta-0.18.2-x86_64-unknown-linux-musl.tar.gz"}
"platforms.linux-x64-musl-baseline" = { url = "https://github.com/dandavison/delta/releases/download/0.18.2/delta-0.18.2-x86_64-unknown-linux-musl.tar.gz"}
"platforms.macos-arm64" = { url = "https://github.com/dandavison/delta/releases/download/0.18.2/delta-0.18.2-aarch64-apple-darwin.tar.gz"}
"platforms.macos-x64" = { url = "https://github.com/dandavison/delta/releases/download/0.18.2/delta-0.18.2-x86_64-apple-darwin.tar.gz"}
"platforms.macos-x64-baseline" = { url = "https://github.com/dandavison/delta/releases/download/0.18.2/delta-0.18.2-x86_64-apple-darwin.tar.gz"}
"platforms.windows-x64" = { url = "https://github.com/dandavison/delta/releases/download/0.18.2/delta-0.18.2-x86_64-pc-windows-msvc.zip"}
"platforms.windows-x64-baseline" = { url = "https://github.com/dandavison/delta/releases/download/0.18.2/delta-0.18.2-x86_64-pc-windows-msvc.zip"}

[[tools.deno]]
version = "2.6.5"
backend = "core:deno"
"platforms.linux-x64" = { checksum = "blake3:e9dd5dace4b9c0ab4a692940826727c2da79296cdd7083c051b4f9d1684a206b"}

[[tools.eza]]
version = "0.23.4"
backend = "aqua:eza-community/eza"
"platforms.linux-arm64" = { checksum = "sha256:366e8430225f9955c3dc659b452150c169894833ccfef455e01765e265a3edda", url = "https://github.com/eza-community/eza/releases/download/v0.23.4/eza_aarch64-unknown-linux-gnu.tar.gz"}
"platforms.linux-arm64-musl" = { checksum = "sha256:366e8430225f9955c3dc659b452150c169894833ccfef455e01765e265a3edda", url = "https://github.com/eza-community/eza/releases/download/v0.23.4/eza_aarch64-unknown-linux-gnu.tar.gz"}
"platforms.linux-x64" = { checksum = "sha256:d231bb3ee33b08c76279b5888845dceb7034d055c42bb9be46dbe0dae39394df", url = "https://github.com/eza-community/eza/releases/download/v0.23.4/eza_x86_64-unknown-linux-musl.tar.gz"}
"platforms.linux-x64-baseline" = { checksum = "sha256:d231bb3ee33b08c76279b5888845dceb7034d055c42bb9be46dbe0dae39394df", url = "https://github.com/eza-community/eza/releases/download/v0.23.4/eza_x86_64-unknown-linux-musl.tar.gz"}
"platforms.linux-x64-musl" = { checksum = "sha256:d231bb3ee33b08c76279b5888845dceb7034d055c42bb9be46dbe0dae39394df", url = "https://github.com/eza-community/eza/releases/download/v0.23.4/eza_x86_64-unknown-linux-musl.tar.gz"}
"platforms.linux-x64-musl-baseline" = { checksum = "sha256:d231bb3ee33b08c76279b5888845dceb7034d055c42bb9be46dbe0dae39394df", url = "https://github.com/eza-community/eza/releases/download/v0.23.4/eza_x86_64-unknown-linux-musl.tar.gz"}
"platforms.windows-x64" = { checksum = "sha256:4d4f87f6bc8e6ee176789c28bee698234ce0275da013709eb16b0f14819c1688", url = "https://github.com/eza-community/eza/releases/download/v0.23.4/eza.exe_x86_64-pc-windows-gnu.tar.gz"}
"platforms.windows-x64-baseline" = { checksum = "sha256:4d4f87f6bc8e6ee176789c28bee698234ce0275da013709eb16b0f14819c1688", url = "https://github.com/eza-community/eza/releases/download/v0.23.4/eza.exe_x86_64-pc-windows-gnu.tar.gz"}

[[tools.fd]]
version = "10.3.0"
backend = "aqua:sharkdp/fd"
"platforms.linux-arm64" = { checksum = "sha256:996b9b1366433b211cb3bbedba91c9dbce2431842144d925428ead0adf32020b", url = "https://github.com/sharkdp/fd/releases/download/v10.3.0/fd-v10.3.0-aarch64-unknown-linux-musl.tar.gz"}
"platforms.linux-arm64-musl" = { checksum = "sha256:996b9b1366433b211cb3bbedba91c9dbce2431842144d925428ead0adf32020b", url = "https://github.com/sharkdp/fd/releases/download/v10.3.0/fd-v10.3.0-aarch64-unknown-linux-musl.tar.gz"}
"platforms.linux-x64" = { checksum = "sha256:2b6bfaae8c48f12050813c2ffe1884c61ea26e750d803df9c9114550a314cd14", url = "https://github.com/sharkdp/fd/releases/download/v10.3.0/fd-v10.3.0-x86_64-unknown-linux-musl.tar.gz"}
"platforms.linux-x64-baseline" = { checksum = "sha256:2b6bfaae8c48f12050813c2ffe1884c61ea26e750d803df9c9114550a314cd14", url = "https://github.com/sharkdp/fd/releases/download/v10.3.0/fd-v10.3.0-x86_64-unknown-linux-musl.tar.gz"}
"platforms.linux-x64-musl" = { checksum = "sha256:2b6bfaae8c48f12050813c2ffe1884c61ea26e750d803df9c9114550a314cd14", url = "https://github.com/sharkdp/fd/releases/download/v10.3.0/fd-v10.3.0-x86_64-unknown-linux-musl.tar.gz"}
"platforms.linux-x64-musl-baseline" = { checksum = "sha256:2b6bfaae8c48f12050813c2ffe1884c61ea26e750d803df9c9114550a314cd14", url = "https://github.com/sharkdp/fd/releases/download/v10.3.0/fd-v10.3.0-x86_64-unknown-linux-musl.tar.gz"}
"platforms.macos-arm64" = { checksum = "sha256:0570263812089120bc2a5d84f9e65cd0c25e4a4d724c80075c357239c74ae904", url = "https://github.com/sharkdp/fd/releases/download/v10.3.0/fd-v10.3.0-aarch64-apple-darwin.tar.gz"}
"platforms.macos-x64" = { checksum = "sha256:50d30f13fe3d5914b14c4fff5abcbd4d0cdab4b855970a6956f4f006c17117a3", url = "https://github.com/sharkdp/fd/releases/download/v10.3.0/fd-v10.3.0-x86_64-apple-darwin.tar.gz"}
"platforms.macos-x64-baseline" = { checksum = "sha256:50d30f13fe3d5914b14c4fff5abcbd4d0cdab4b855970a6956f4f006c17117a3", url = "https://github.com/sharkdp/fd/releases/download/v10.3.0/fd-v10.3.0-x86_64-apple-darwin.tar.gz"}
"platforms.windows-x64" = { checksum = "sha256:318aa2a6fa664325933e81fda60d523fff29444129e91ebf0726b5b3bcd8b059", url = "https://github.com/sharkdp/fd/releases/download/v10.3.0/fd-v10.3.0-x86_64-pc-windows-msvc.zip"}
"platforms.windows-x64-baseline" = { checksum = "sha256:318aa2a6fa664325933e81fda60d523fff29444129e91ebf0726b5b3bcd8b059", url = "https://github.com/sharkdp/fd/releases/download/v10.3.0/fd-v10.3.0-x86_64-pc-windows-msvc.zip"}

[[tools."gem:ruby-lsp"]]
version = "0.26.4"
backend = "gem:ruby-lsp"

[[tools.gh]]
version = "2.85.0"
backend = "aqua:cli/cli"
"platforms.linux-x64" = { checksum = "sha256:5dcc4e282b9c22c0d31c217805976448c966cfc56c20157c78385a8a62c93cf0", url = "https://github.com/cli/cli/releases/download/v2.85.0/gh_2.85.0_linux_amd64.tar.gz"}

[[tools."github:carapace-sh/carapace-bin"]]
version = "1.5.7"
backend = "github:carapace-sh/carapace-bin"
"platforms.linux-arm64" = { checksum = "sha256:591d616f57b9d96de3925514ed95fede9fd754c7731278a50d8b1933619838c5", url = "https://github.com/carapace-sh/carapace-bin/releases/download/v1.5.7/carapace-bin_1.5.7_linux_arm64.tar.gz", url_api = "https://api.github.com/repos/carapace-sh/carapace-bin/releases/assets/326558585"}
"platforms.linux-arm64-musl" = { checksum = "sha256:591d616f57b9d96de3925514ed95fede9fd754c7731278a50d8b1933619838c5", url = "https://github.com/carapace-sh/carapace-bin/releases/download/v1.5.7/carapace-bin_1.5.7_linux_arm64.tar.gz", url_api = "https://api.github.com/repos/carapace-sh/carapace-bin/releases/assets/326558585"}
"platforms.linux-x64" = { checksum = "sha256:5daf51d5867b0995aad94faa07c783fb083aa00723d2b9a31b177c21f197306f", url = "https://github.com/carapace-sh/carapace-bin/releases/download/v1.5.7/carapace-bin_1.5.7_linux_amd64.tar.gz", url_api = "https://api.github.com/repos/carapace-sh/carapace-bin/releases/assets/326558586"}
"platforms.linux-x64-baseline" = { checksum = "sha256:5daf51d5867b0995aad94faa07c783fb083aa00723d2b9a31b177c21f197306f", url = "https://github.com/carapace-sh/carapace-bin/releases/download/v1.5.7/carapace-bin_1.5.7_linux_amd64.tar.gz", url_api = "https://api.github.com/repos/carapace-sh/carapace-bin/releases/assets/326558586"}
"platforms.linux-x64-musl" = { checksum = "sha256:5daf51d5867b0995aad94faa07c783fb083aa00723d2b9a31b177c21f197306f", url = "https://github.com/carapace-sh/carapace-bin/releases/download/v1.5.7/carapace-bin_1.5.7_linux_amd64.tar.gz", url_api = "https://api.github.com/repos/carapace-sh/carapace-bin/releases/assets/326558586"}
"platforms.linux-x64-musl-baseline" = { checksum = "sha256:5daf51d5867b0995aad94faa07c783fb083aa00723d2b9a31b177c21f197306f", url = "https://github.com/carapace-sh/carapace-bin/releases/download/v1.5.7/carapace-bin_1.5.7_linux_amd64.tar.gz", url_api = "https://api.github.com/repos/carapace-sh/carapace-bin/releases/assets/326558586"}
"platforms.macos-arm64" = { checksum = "sha256:892151c15d6fcb823662ae779198af177ee4e4230028201860334a330b7973d9", url = "https://github.com/carapace-sh/carapace-bin/releases/download/v1.5.7/carapace-bin_1.5.7_darwin_arm64.tar.gz", url_api = "https://api.github.com/repos/carapace-sh/carapace-bin/releases/assets/326558625"}
"platforms.macos-x64" = { checksum = "sha256:7dc2b39ac27a6cf3f00cee81262d56738e036497991a23dcf50d839a91b3b5a3", url = "https://github.com/carapace-sh/carapace-bin/releases/download/v1.5.7/carapace-bin_1.5.7_darwin_amd64.tar.gz", url_api = "https://api.github.com/repos/carapace-sh/carapace-bin/releases/assets/326558627"}
"platforms.macos-x64-baseline" = { checksum = "sha256:7dc2b39ac27a6cf3f00cee81262d56738e036497991a23dcf50d839a91b3b5a3", url = "https://github.com/carapace-sh/carapace-bin/releases/download/v1.5.7/carapace-bin_1.5.7_darwin_amd64.tar.gz", url_api = "https://api.github.com/repos/carapace-sh/carapace-bin/releases/assets/326558627"}
"platforms.windows-x64" = { checksum = "sha256:963f155a857c5ffa38fb0d6aafa1853e5b89c89f106a7e01ccc2cbb32ee14e2e", url = "https://github.com/carapace-sh/carapace-bin/releases/download/v1.5.7/carapace-bin_1.5.7_windows_amd64.zip", url_api = "https://api.github.com/repos/carapace-sh/carapace-bin/releases/assets/326558587"}
"platforms.windows-x64-baseline" = { checksum = "sha256:963f155a857c5ffa38fb0d6aafa1853e5b89c89f106a7e01ccc2cbb32ee14e2e", url = "https://github.com/carapace-sh/carapace-bin/releases/download/v1.5.7/carapace-bin_1.5.7_windows_amd64.zip", url_api = "https://api.github.com/repos/carapace-sh/carapace-bin/releases/assets/326558587"}

[[tools."github:carapace-sh/carapace-bridge"]]
version = "1.4.11"
backend = "github:carapace-sh/carapace-bridge"
"platforms.linux-arm64" = { checksum = "sha256:8ea7f672e894c8eb628c747c44ddebe7fef49cd60a4db3c5f62e0e916466563d", url = "https://github.com/carapace-sh/carapace-bridge/releases/download/v1.4.11/carapace-bridge_1.4.11_linux_arm64.tar.gz", url_api = "https://api.github.com/repos/carapace-sh/carapace-bridge/releases/assets/330638361"}
"platforms.linux-x64" = { checksum = "sha256:31c12cf8ad5f33f95a5ca22f9efab0701bfb06aa7ec7618c1c2dc4f7c6efd8af", url = "https://github.com/carapace-sh/carapace-bridge/releases/download/v1.4.11/carapace-bridge_1.4.11_linux_amd64.tar.gz", url_api = "https://api.github.com/repos/carapace-sh/carapace-bridge/releases/assets/330638366"}
"platforms.macos-arm64" = { checksum = "sha256:9a55875116779058c105f74fe799a22e37c6b6f28ed583a59d6bdac9397cf698", url = "https://github.com/carapace-sh/carapace-bridge/releases/download/v1.4.11/carapace-bridge_1.4.11_darwin_arm64.tar.gz", url_api = "https://api.github.com/repos/carapace-sh/carapace-bridge/releases/assets/330638363"}
"platforms.macos-x64" = { checksum = "sha256:498ba91818b83ea341709314001d26cfaa71ac9f3d707b8ef53fbea51bbb216f", url = "https://github.com/carapace-sh/carapace-bridge/releases/download/v1.4.11/carapace-bridge_1.4.11_darwin_amd64.tar.gz", url_api = "https://api.github.com/repos/carapace-sh/carapace-bridge/releases/assets/330638357"}
"platforms.windows-x64" = { checksum = "sha256:b9020f5d8a99d84ef192770b9071d2a4af49bfe5aa2601a0a1df701e18e52dc6", url = "https://github.com/carapace-sh/carapace-bridge/releases/download/v1.4.11/carapace-bridge_1.4.11_windows_amd64.zip", url_api = "https://api.github.com/repos/carapace-sh/carapace-bridge/releases/assets/330638368"}

[[tools."github:github/spec-kit"]]
version = "0.0.90"
backend = "github:github/spec-kit"
"platforms.linux-x64" = { checksum = "sha256:39947ecf3e353e5f55a9af44de61741aa4e8000ef1ae7e93da46eb06fa194522", url = "https://github.com/github/spec-kit/releases/download/v0.0.90/spec-kit-template-amp-ps-v0.0.90.zip", url_api = "https://api.github.com/repos/github/spec-kit/releases/assets/324444290"}

[[tools."github:nushell/nushell"]]
version = "0.109.1"
backend = "github:nushell/nushell"
"platforms.linux-arm64" = { checksum = "sha256:d32b40be35ea82f45b912359fca61edcbe21c5f426e390f8aef0f8e98ddf5f14", url = "https://github.com/nushell/nushell/releases/download/0.109.1/nu-0.109.1-aarch64-unknown-linux-gnu.tar.gz", url_api = "https://api.github.com/repos/nushell/nushell/releases/assets/323549084"}
"platforms.linux-arm64-musl" = { checksum = "sha256:284678b79647d7b96ee689839c509f922ec5eda4f7cd16efbe46608dc875be26", url = "https://github.com/nushell/nushell/releases/download/0.109.1/nu-0.109.1-aarch64-unknown-linux-musl.tar.gz", url_api = "https://api.github.com/repos/nushell/nushell/releases/assets/323546053"}
"platforms.linux-x64" = { checksum = "sha256:0fa23b828ac610e3ee7798b25e38cef5cfdc47503326236d27cd57d1c959190e", url = "https://github.com/nushell/nushell/releases/download/0.109.1/nu-0.109.1-x86_64-unknown-linux-gnu.tar.gz", url_api = "https://api.github.com/repos/nushell/nushell/releases/assets/323545494"}
"platforms.linux-x64-baseline" = { checksum = "sha256:0fa23b828ac610e3ee7798b25e38cef5cfdc47503326236d27cd57d1c959190e", url = "https://github.com/nushell/nushell/releases/download/0.109.1/nu-0.109.1-x86_64-unknown-linux-gnu.tar.gz", url_api = "https://api.github.com/repos/nushell/nushell/releases/assets/323545494"}
"platforms.linux-x64-musl" = { checksum = "sha256:0822ed54621fc22c0e9c446df6e709f89d07f5e50a00a025c9a0ec0cc3e7d4ee", url = "https://github.com/nushell/nushell/releases/download/0.109.1/nu-0.109.1-x86_64-unknown-linux-musl.tar.gz", url_api = "https://api.github.com/repos/nushell/nushell/releases/assets/323545285"}
"platforms.linux-x64-musl-baseline" = { checksum = "sha256:0fa23b828ac610e3ee7798b25e38cef5cfdc47503326236d27cd57d1c959190e", url = "https://github.com/nushell/nushell/releases/download/0.109.1/nu-0.109.1-x86_64-unknown-linux-gnu.tar.gz", url_api = "https://api.github.com/repos/nushell/nushell/releases/assets/323545494"}
"platforms.macos-arm64" = { checksum = "sha256:c55436575f6168e718ab6cd53953f5c5559260ffb24797c669b267775eaf3683", url = "https://github.com/nushell/nushell/releases/download/0.109.1/nu-0.109.1-aarch64-apple-darwin.tar.gz", url_api = "https://api.github.com/repos/nushell/nushell/releases/assets/323546639"}
"platforms.macos-x64" = { checksum = "sha256:770554b4bbe56ca844efbb47f4f86570d8f154ef1a253f34117f90a2835faee1", url = "https://github.com/nushell/nushell/releases/download/0.109.1/nu-0.109.1-x86_64-apple-darwin.tar.gz", url_api = "https://api.github.com/repos/nushell/nushell/releases/assets/323546696"}
"platforms.macos-x64-baseline" = { checksum = "sha256:770554b4bbe56ca844efbb47f4f86570d8f154ef1a253f34117f90a2835faee1", url = "https://github.com/nushell/nushell/releases/download/0.109.1/nu-0.109.1-x86_64-apple-darwin.tar.gz", url_api = "https://api.github.com/repos/nushell/nushell/releases/assets/323546696"}
"platforms.windows-x64" = { checksum = "sha256:9e349288ce5b17ca514e0b3aeab64f50919a1a713c27c9e28c902c2cc7df50cf", url = "https://github.com/nushell/nushell/releases/download/0.109.1/nu-0.109.1-x86_64-pc-windows-msvc.zip", url_api = "https://api.github.com/repos/nushell/nushell/releases/assets/323549002"}
"platforms.windows-x64-baseline" = { checksum = "sha256:9e349288ce5b17ca514e0b3aeab64f50919a1a713c27c9e28c902c2cc7df50cf", url = "https://github.com/nushell/nushell/releases/download/0.109.1/nu-0.109.1-x86_64-pc-windows-msvc.zip", url_api = "https://api.github.com/repos/nushell/nushell/releases/assets/323549002"}

[[tools."github:sevenc-nanashi/ccsum"]]
version = "0.2.2"
backend = "github:sevenc-nanashi/ccsum"
"platforms.linux-x64" = { checksum = "sha256:f93e99f7a9df6af7bcd75e695aa4f2f3e4c7332dc8021354045a017820719e4c", url = "https://github.com/sevenc-nanashi/ccsum/releases/download/v0.2.2/ccsum-linux-x86_64", url_api = "https://api.github.com/repos/sevenc-nanashi/ccsum/releases/assets/341201735"}

[[tools."github:skanehira/version-lsp"]]
version = "0.3.2"
backend = "github:skanehira/version-lsp"
"platforms.linux-arm64" = { checksum = "sha256:0bf085ae53f4bdb54bf04d38ed16e9635d4374a61eacc642f734998488f750e7", url = "https://github.com/skanehira/version-lsp/releases/download/v0.3.2/version-lsp_Linux_arm64.tar.gz", url_api = "https://api.github.com/repos/skanehira/version-lsp/releases/assets/336762964"}
"platforms.linux-arm64-musl" = { checksum = "sha256:0bf085ae53f4bdb54bf04d38ed16e9635d4374a61eacc642f734998488f750e7", url = "https://github.com/skanehira/version-lsp/releases/download/v0.3.2/version-lsp_Linux_arm64.tar.gz", url_api = "https://api.github.com/repos/skanehira/version-lsp/releases/assets/336762964"}
"platforms.linux-x64" = { checksum = "sha256:7534cc7e70502d4d3f706f17cd1db5495cbeac23c1bdd727924f98ba6da52ec1", url = "https://github.com/skanehira/version-lsp/releases/download/v0.3.2/version-lsp_Linux_x86_64.tar.gz", url_api = "https://api.github.com/repos/skanehira/version-lsp/releases/assets/336762965"}
"platforms.linux-x64-baseline" = { checksum = "sha256:7534cc7e70502d4d3f706f17cd1db5495cbeac23c1bdd727924f98ba6da52ec1", url = "https://github.com/skanehira/version-lsp/releases/download/v0.3.2/version-lsp_Linux_x86_64.tar.gz", url_api = "https://api.github.com/repos/skanehira/version-lsp/releases/assets/336762965"}
"platforms.linux-x64-musl" = { checksum = "sha256:7534cc7e70502d4d3f706f17cd1db5495cbeac23c1bdd727924f98ba6da52ec1", url = "https://github.com/skanehira/version-lsp/releases/download/v0.3.2/version-lsp_Linux_x86_64.tar.gz", url_api = "https://api.github.com/repos/skanehira/version-lsp/releases/assets/336762965"}
"platforms.linux-x64-musl-baseline" = { checksum = "sha256:7534cc7e70502d4d3f706f17cd1db5495cbeac23c1bdd727924f98ba6da52ec1", url = "https://github.com/skanehira/version-lsp/releases/download/v0.3.2/version-lsp_Linux_x86_64.tar.gz", url_api = "https://api.github.com/repos/skanehira/version-lsp/releases/assets/336762965"}
"platforms.macos-arm64" = { checksum = "sha256:e3dab4448a15e9c5940f0b459e202947ce28ba33175078aea32f66401835016f", url = "https://github.com/skanehira/version-lsp/releases/download/v0.3.2/version-lsp_Darwin_arm64.tar.gz", url_api = "https://api.github.com/repos/skanehira/version-lsp/releases/assets/336762968"}
"platforms.macos-x64" = { checksum = "sha256:5de3d12a4d6799a82dab8eaf06338872192362b2ca614847689dcd1b0c146556", url = "https://github.com/skanehira/version-lsp/releases/download/v0.3.2/version-lsp_Darwin_x86_64.tar.gz", url_api = "https://api.github.com/repos/skanehira/version-lsp/releases/assets/336762966"}
"platforms.macos-x64-baseline" = { checksum = "sha256:5de3d12a4d6799a82dab8eaf06338872192362b2ca614847689dcd1b0c146556", url = "https://github.com/skanehira/version-lsp/releases/download/v0.3.2/version-lsp_Darwin_x86_64.tar.gz", url_api = "https://api.github.com/repos/skanehira/version-lsp/releases/assets/336762966"}
"platforms.windows-x64" = { checksum = "sha256:f1250501c60c48c2122c6a2b29c3bb1e644ee945a0f80ce284d2754b1487021a", url = "https://github.com/skanehira/version-lsp/releases/download/v0.3.2/version-lsp_Windows_x86_64.zip", url_api = "https://api.github.com/repos/skanehira/version-lsp/releases/assets/336762967"}
"platforms.windows-x64-baseline" = { checksum = "sha256:f1250501c60c48c2122c6a2b29c3bb1e644ee945a0f80ce284d2754b1487021a", url = "https://github.com/skanehira/version-lsp/releases/download/v0.3.2/version-lsp_Windows_x86_64.zip", url_api = "https://api.github.com/repos/skanehira/version-lsp/releases/assets/336762967"}

[[tools.node]]
version = "24.11.1"
backend = "core:node"
"platforms.linux-x64" = { checksum = "sha256:58a5ff5cc8f2200e458bea22e329d5c1994aa1b111d499ca46ec2411d58239ca", url = "https://nodejs.org/dist/v24.11.1/node-v24.11.1-linux-x64.tar.gz"}

[[tools."npm:@antfu/ni"]]
version = "28.2.0"
backend = "npm:@antfu/ni"

[[tools."npm:@google/gemini-cli"]]
version = "0.24.0"
backend = "npm:@google/gemini-cli"

[[tools."npm:@jetbrains/junie-cli"]]
version = "576.1.0"
backend = "npm:@jetbrains/junie-cli"

[[tools."npm:@openai/codex"]]
version = "0.88.0"
backend = "npm:@openai/codex"

[[tools."npm:difit"]]
version = "3.0.2"
backend = "npm:difit"

[[tools."npm:kill-port"]]
version = "2.0.1"
backend = "npm:kill-port"

[[tools."npm:ntfy-mcp-server"]]
version = "1.0.6"
backend = "npm:ntfy-mcp-server"

[[tools."npm:ntfy-me-mcp"]]
version = "1.3.51"
backend = "npm:ntfy-me-mcp"

[[tools."npm:yarn"]]
version = "1.22.22"
backend = "npm:yarn"

[[tools."pipx:github/spec-kit"]]
version = "v0.0.90"
backend = "pipx:github/spec-kit"

[[tools.pnpm]]
version = "10.28.0"
backend = "aqua:pnpm/pnpm"
"platforms.linux-arm64" = { checksum = "sha256:5bf35f1927d5ea0aa76408504f834e3089679d9e18342ab19502a28fb0116391", url = "https://github.com/pnpm/pnpm/releases/download/v10.28.0/pnpm-linux-arm64"}
"platforms.linux-arm64-musl" = { checksum = "sha256:5bf35f1927d5ea0aa76408504f834e3089679d9e18342ab19502a28fb0116391", url = "https://github.com/pnpm/pnpm/releases/download/v10.28.0/pnpm-linux-arm64"}
"platforms.linux-x64" = { checksum = "sha256:348e863d17a62411a65f900e8d91395acabae9e9237653ccc3c36cb385965f28", url = "https://github.com/pnpm/pnpm/releases/download/v10.28.0/pnpm-linux-x64"}
"platforms.linux-x64-baseline" = { checksum = "sha256:348e863d17a62411a65f900e8d91395acabae9e9237653ccc3c36cb385965f28", url = "https://github.com/pnpm/pnpm/releases/download/v10.28.0/pnpm-linux-x64"}
"platforms.linux-x64-musl" = { checksum = "sha256:348e863d17a62411a65f900e8d91395acabae9e9237653ccc3c36cb385965f28", url = "https://github.com/pnpm/pnpm/releases/download/v10.28.0/pnpm-linux-x64"}
"platforms.linux-x64-musl-baseline" = { checksum = "sha256:348e863d17a62411a65f900e8d91395acabae9e9237653ccc3c36cb385965f28", url = "https://github.com/pnpm/pnpm/releases/download/v10.28.0/pnpm-linux-x64"}
"platforms.macos-arm64" = { checksum = "sha256:b6cfee40fcb09e68a874ffbf300eb1ef9dec11302fd03637a4bc605f3f9405cb", url = "https://github.com/pnpm/pnpm/releases/download/v10.28.0/pnpm-macos-arm64"}
"platforms.macos-x64" = { checksum = "sha256:99431e91d721169c2050d5e46abefc6f0d23c49e635a5964dcb573d9fe89975a", url = "https://github.com/pnpm/pnpm/releases/download/v10.28.0/pnpm-macos-x64"}
"platforms.macos-x64-baseline" = { checksum = "sha256:99431e91d721169c2050d5e46abefc6f0d23c49e635a5964dcb573d9fe89975a", url = "https://github.com/pnpm/pnpm/releases/download/v10.28.0/pnpm-macos-x64"}
"platforms.windows-x64" = { checksum = "sha256:daed0979c3754cdc2e467ca6a298d48fedbc0fad92f14f4396f44a0a3dd2b730", url = "https://github.com/pnpm/pnpm/releases/download/v10.28.0/pnpm-win-x64.exe"}
"platforms.windows-x64-baseline" = { checksum = "sha256:daed0979c3754cdc2e467ca6a298d48fedbc0fad92f14f4396f44a0a3dd2b730", url = "https://github.com/pnpm/pnpm/releases/download/v10.28.0/pnpm-win-x64.exe"}

[[tools.ripgrep]]
version = "15.1.0"
backend = "aqua:BurntSushi/ripgrep"
"platforms.linux-arm64" = { checksum = "sha256:2b661c6ef508e902f388e9098d9c4c5aca72c87b55922d94abdba830b4dc885e", url = "https://github.com/BurntSushi/ripgrep/releases/download/15.1.0/ripgrep-15.1.0-aarch64-unknown-linux-gnu.tar.gz"}
"platforms.linux-arm64-musl" = { checksum = "sha256:2b661c6ef508e902f388e9098d9c4c5aca72c87b55922d94abdba830b4dc885e", url = "https://github.com/BurntSushi/ripgrep/releases/download/15.1.0/ripgrep-15.1.0-aarch64-unknown-linux-gnu.tar.gz"}
"platforms.linux-x64" = { checksum = "sha256:1c9297be4a084eea7ecaedf93eb03d058d6faae29bbc57ecdaf5063921491599", url = "https://github.com/BurntSushi/ripgrep/releases/download/15.1.0/ripgrep-15.1.0-x86_64-unknown-linux-musl.tar.gz"}
"platforms.linux-x64-baseline" = { checksum = "sha256:1c9297be4a084eea7ecaedf93eb03d058d6faae29bbc57ecdaf5063921491599", url = "https://github.com/BurntSushi/ripgrep/releases/download/15.1.0/ripgrep-15.1.0-x86_64-unknown-linux-musl.tar.gz"}
"platforms.linux-x64-musl" = { checksum = "sha256:1c9297be4a084eea7ecaedf93eb03d058d6faae29bbc57ecdaf5063921491599", url = "https://github.com/BurntSushi/ripgrep/releases/download/15.1.0/ripgrep-15.1.0-x86_64-unknown-linux-musl.tar.gz"}
"platforms.linux-x64-musl-baseline" = { checksum = "sha256:1c9297be4a084eea7ecaedf93eb03d058d6faae29bbc57ecdaf5063921491599", url = "https://github.com/BurntSushi/ripgrep/releases/download/15.1.0/ripgrep-15.1.0-x86_64-unknown-linux-musl.tar.gz"}
"platforms.macos-arm64" = { checksum = "sha256:378e973289176ca0c6054054ee7f631a065874a352bf43f0fa60ef079b6ba715", url = "https://github.com/BurntSushi/ripgrep/releases/download/15.1.0/ripgrep-15.1.0-aarch64-apple-darwin.tar.gz"}
"platforms.macos-x64" = { checksum = "sha256:64811cb24e77cac3057d6c40b63ac9becf9082eedd54ca411b475b755d334882", url = "https://github.com/BurntSushi/ripgrep/releases/download/15.1.0/ripgrep-15.1.0-x86_64-apple-darwin.tar.gz"}
"platforms.macos-x64-baseline" = { checksum = "sha256:64811cb24e77cac3057d6c40b63ac9becf9082eedd54ca411b475b755d334882", url = "https://github.com/BurntSushi/ripgrep/releases/download/15.1.0/ripgrep-15.1.0-x86_64-apple-darwin.tar.gz"}
"platforms.windows-x64" = { checksum = "sha256:124510b94b6baa3380d051fdf4650eaa80a302c876d611e9dba0b2e18d87493a", url = "https://github.com/BurntSushi/ripgrep/releases/download/15.1.0/ripgrep-15.1.0-x86_64-pc-windows-msvc.zip"}
"platforms.windows-x64-baseline" = { checksum = "sha256:124510b94b6baa3380d051fdf4650eaa80a302c876d611e9dba0b2e18d87493a", url = "https://github.com/BurntSushi/ripgrep/releases/download/15.1.0/ripgrep-15.1.0-x86_64-pc-windows-msvc.zip"}

[[tools.ruby]]
version = "4.0.0"
backend = "core:ruby"
"platforms.linux-arm64" = { checksum = "sha256:2e8389c8c072cb658c93a1372732d9eac84082c88b065750db1e52a5ac630271", url = "https://cache.ruby-lang.org/pub/ruby/4.0/ruby-4.0.0.tar.gz"}
"platforms.linux-arm64-musl" = { checksum = "sha256:2e8389c8c072cb658c93a1372732d9eac84082c88b065750db1e52a5ac630271", url = "https://cache.ruby-lang.org/pub/ruby/4.0/ruby-4.0.0.tar.gz"}
"platforms.linux-x64" = { checksum = "sha256:2e8389c8c072cb658c93a1372732d9eac84082c88b065750db1e52a5ac630271", url = "https://cache.ruby-lang.org/pub/ruby/4.0/ruby-4.0.0.tar.gz"}
"platforms.linux-x64-baseline" = { checksum = "sha256:2e8389c8c072cb658c93a1372732d9eac84082c88b065750db1e52a5ac630271", url = "https://cache.ruby-lang.org/pub/ruby/4.0/ruby-4.0.0.tar.gz"}
"platforms.linux-x64-musl" = { checksum = "sha256:2e8389c8c072cb658c93a1372732d9eac84082c88b065750db1e52a5ac630271", url = "https://cache.ruby-lang.org/pub/ruby/4.0/ruby-4.0.0.tar.gz"}
"platforms.linux-x64-musl-baseline" = { checksum = "sha256:2e8389c8c072cb658c93a1372732d9eac84082c88b065750db1e52a5ac630271", url = "https://cache.ruby-lang.org/pub/ruby/4.0/ruby-4.0.0.tar.gz"}
"platforms.macos-arm64" = { checksum = "sha256:2e8389c8c072cb658c93a1372732d9eac84082c88b065750db1e52a5ac630271", url = "https://cache.ruby-lang.org/pub/ruby/4.0/ruby-4.0.0.tar.gz"}
"platforms.macos-x64" = { checksum = "sha256:2e8389c8c072cb658c93a1372732d9eac84082c88b065750db1e52a5ac630271", url = "https://cache.ruby-lang.org/pub/ruby/4.0/ruby-4.0.0.tar.gz"}
"platforms.macos-x64-baseline" = { checksum = "sha256:2e8389c8c072cb658c93a1372732d9eac84082c88b065750db1e52a5ac630271", url = "https://cache.ruby-lang.org/pub/ruby/4.0/ruby-4.0.0.tar.gz"}
"platforms.windows-x64" = { checksum = "sha256:2e8389c8c072cb658c93a1372732d9eac84082c88b065750db1e52a5ac630271", url = "https://cache.ruby-lang.org/pub/ruby/4.0/ruby-4.0.0.tar.gz"}
"platforms.windows-x64-baseline" = { checksum = "sha256:2e8389c8c072cb658c93a1372732d9eac84082c88b065750db1e52a5ac630271", url = "https://cache.ruby-lang.org/pub/ruby/4.0/ruby-4.0.0.tar.gz"}

[[tools.shfmt]]
version = "3.12.0"
backend = "aqua:mvdan/sh"
"platforms.linux-arm64" = { checksum = "sha256:5f3fe3fa6a9f766e6a182ba79a94bef8afedafc57db0b1ad32b0f67fae971ba4", url = "https://github.com/mvdan/sh/releases/download/v3.12.0/shfmt_v3.12.0_linux_arm64"}
"platforms.linux-arm64-musl" = { checksum = "sha256:5f3fe3fa6a9f766e6a182ba79a94bef8afedafc57db0b1ad32b0f67fae971ba4", url = "https://github.com/mvdan/sh/releases/download/v3.12.0/shfmt_v3.12.0_linux_arm64"}
"platforms.linux-x64" = { checksum = "sha256:d9fbb2a9c33d13f47e7618cf362a914d029d02a6df124064fff04fd688a745ea", url = "https://github.com/mvdan/sh/releases/download/v3.12.0/shfmt_v3.12.0_linux_amd64"}
"platforms.linux-x64-baseline" = { checksum = "sha256:d9fbb2a9c33d13f47e7618cf362a914d029d02a6df124064fff04fd688a745ea", url = "https://github.com/mvdan/sh/releases/download/v3.12.0/shfmt_v3.12.0_linux_amd64"}
"platforms.linux-x64-musl" = { checksum = "sha256:d9fbb2a9c33d13f47e7618cf362a914d029d02a6df124064fff04fd688a745ea", url = "https://github.com/mvdan/sh/releases/download/v3.12.0/shfmt_v3.12.0_linux_amd64"}
"platforms.linux-x64-musl-baseline" = { checksum = "sha256:d9fbb2a9c33d13f47e7618cf362a914d029d02a6df124064fff04fd688a745ea", url = "https://github.com/mvdan/sh/releases/download/v3.12.0/shfmt_v3.12.0_linux_amd64"}
"platforms.macos-arm64" = { checksum = "sha256:d903802e0ce3ecbc82b98512f55ba370b0d37a93f3f78de394f5b657052b33dd", url = "https://github.com/mvdan/sh/releases/download/v3.12.0/shfmt_v3.12.0_darwin_arm64"}
"platforms.macos-x64" = { checksum = "sha256:c31548693de6584e6164b7ed5fbb7b4a083f2d937ca94b4e0ddf59aa461a85e4", url = "https://github.com/mvdan/sh/releases/download/v3.12.0/shfmt_v3.12.0_darwin_amd64"}
"platforms.macos-x64-baseline" = { checksum = "sha256:c31548693de6584e6164b7ed5fbb7b4a083f2d937ca94b4e0ddf59aa461a85e4", url = "https://github.com/mvdan/sh/releases/download/v3.12.0/shfmt_v3.12.0_darwin_amd64"}
"platforms.windows-x64" = { checksum = "sha256:c8bda517ba1c640ce4a715c0fa665439ddbe4357ba5e9b77b0e51e70e2b9c94b", url = "https://github.com/mvdan/sh/releases/download/v3.12.0/shfmt_v3.12.0_windows_amd64.exe"}
"platforms.windows-x64-baseline" = { checksum = "sha256:c8bda517ba1c640ce4a715c0fa665439ddbe4357ba5e9b77b0e51e70e2b9c94b", url = "https://github.com/mvdan/sh/releases/download/v3.12.0/shfmt_v3.12.0_windows_amd64.exe"}

[[tools.starship]]
version = "1.24.2"
backend = "aqua:starship/starship"
"platforms.linux-arm64" = { checksum = "sha256:56b9ff412bbf374d29b99e5ac09a849124cb37a0a13121e8470df32de53c1ea6", url = "https://github.com/starship/starship/releases/download/v1.24.2/starship-aarch64-unknown-linux-musl.tar.gz"}
"platforms.linux-arm64-musl" = { checksum = "sha256:56b9ff412bbf374d29b99e5ac09a849124cb37a0a13121e8470df32de53c1ea6", url = "https://github.com/starship/starship/releases/download/v1.24.2/starship-aarch64-unknown-linux-musl.tar.gz"}
"platforms.linux-x64" = { checksum = "sha256:00ff3c1f8ffb59b5c15d4b44c076bcca04d92cf0055c86b916248c14f3ae714a", url = "https://github.com/starship/starship/releases/download/v1.24.2/starship-x86_64-unknown-linux-musl.tar.gz"}
"platforms.linux-x64-baseline" = { checksum = "sha256:00ff3c1f8ffb59b5c15d4b44c076bcca04d92cf0055c86b916248c14f3ae714a", url = "https://github.com/starship/starship/releases/download/v1.24.2/starship-x86_64-unknown-linux-musl.tar.gz"}
"platforms.linux-x64-musl" = { checksum = "sha256:00ff3c1f8ffb59b5c15d4b44c076bcca04d92cf0055c86b916248c14f3ae714a", url = "https://github.com/starship/starship/releases/download/v1.24.2/starship-x86_64-unknown-linux-musl.tar.gz"}
"platforms.linux-x64-musl-baseline" = { checksum = "sha256:00ff3c1f8ffb59b5c15d4b44c076bcca04d92cf0055c86b916248c14f3ae714a", url = "https://github.com/starship/starship/releases/download/v1.24.2/starship-x86_64-unknown-linux-musl.tar.gz"}
"platforms.macos-arm64" = { checksum = "sha256:d3a0da21374962625a2ee992110979bc1fa33424d7b6aea58a70405e26544fd9", url = "https://github.com/starship/starship/releases/download/v1.24.2/starship-aarch64-apple-darwin.tar.gz"}
"platforms.macos-x64" = { checksum = "sha256:237beb10cc970c4361536e9f9f434dfed755f8282c5cd951b6a7e3fcbda8e779", url = "https://github.com/starship/starship/releases/download/v1.24.2/starship-x86_64-apple-darwin.tar.gz"}
"platforms.macos-x64-baseline" = { checksum = "sha256:237beb10cc970c4361536e9f9f434dfed755f8282c5cd951b6a7e3fcbda8e779", url = "https://github.com/starship/starship/releases/download/v1.24.2/starship-x86_64-apple-darwin.tar.gz"}
"platforms.windows-x64" = { checksum = "sha256:d38424c595320e9639a276666347d5e44cb004de3972f40b9a5a1a6b88537f29", url = "https://github.com/starship/starship/releases/download/v1.24.2/starship-x86_64-pc-windows-msvc.zip"}
"platforms.windows-x64-baseline" = { checksum = "sha256:d38424c595320e9639a276666347d5e44cb004de3972f40b9a5a1a6b88537f29", url = "https://github.com/starship/starship/releases/download/v1.24.2/starship-x86_64-pc-windows-msvc.zip"}

[[tools.xh]]
version = "0.25.3"
backend = "aqua:ducaale/xh"
"platforms.linux-x64" = { checksum = "sha256:fc738e616b327e7a10256e206c78073bfeed95d73af6ba9ced4c5eb20ac8d717", url = "https://github.com/ducaale/xh/releases/download/v0.25.3/xh-v0.25.3-x86_64-unknown-linux-musl.tar.gz"}
